
Microsoft Visual Studio Solution File, Format Version 12.00
# Visual Studio 15
VisualStudioVersion = 15.0.28307.421
MinimumVisualStudioVersion = 10.0.40219.1
Project("{FAE04EC0-301F-11D3-BF4B-00C04F79EFBC}") = "updesign", "updesign\updesign.csproj", "{065B4915-9F98-4108-8CB5-F2B8E1A55C39}"
EndProject
Global
	GlobalSection(SolutionConfigurationPlatforms) = preSolution
		Debug|Any CPU = Debug|Any CPU
		Release|Any CPU = Release|Any CPU
	EndGlobalSection
	GlobalSection(ProjectConfigurationPlatforms) = postSolution
		{065B4915-9F98-4108-8CB5-F2B8E1A55C39}.Debug|Any CPU.ActiveCfg = Debug|Any CPU
		{065B4915-9F98-4108-8CB5-F2B8E1A55C39}.Debug|Any CPU.Build.0 = Debug|Any CPU
		{065B4915-9F98-4108-8CB5-F2B8E1A55C39}.Release|Any CPU.ActiveCfg = Release|Any CPU
		{065B4915-9F98-4108-8CB5-F2B8E1A55C39}.Release|Any CPU.Build.0 = Release|Any CPU
	EndGlobalSection
	GlobalSection(SolutionProperties) = preSolution
		HideSolutionNode = FALSE
	EndGlobalSection
	GlobalSection(ExtensibilityGlobals) = postSolution
		SolutionGuid = {1B25EFDC-B3A5-4EDC-9A9F-DC9DEC686DB9}
	EndGlobalSection
EndGlobal
